
Microsoft Visual Studio Solution File, Format Version 12.00
# Visual Studio Version 16
VisualStudioVersion = 16.0.29806.167
MinimumVisualStudioVersion = 10.0.40219.1
Project("{8BC9CEB8-8B4A-11D0-8D11-00A0C91BC942}") = "equalize_hist", "equalize_hist\equalize_hist.vcxproj", "{367BD381-9792-40E3-901E-54705B749FD0}"
EndProject
Global
	GlobalSection(SolutionConfigurationPlatforms) = preSolution
		Debug|x64 = Debug|x64
		Debug|x86 = Debug|x86
		Release|x64 = Release|x64
		Release|x86 = Release|x86
	EndGlobalSection
	GlobalSection(ProjectConfigurationPlatforms) = postSolution
		{367BD381-9792-40E3-901E-54705B749FD0}.Debug|x64.ActiveCfg = Debug|x64
		{367BD381-9792-40E3-901E-54705B749FD0}.Debug|x64.Build.0 = Debug|x64
		{367BD381-9792-40E3-901E-54705B749FD0}.Debug|x86.ActiveCfg = Debug|Win32
		{367BD381-9792-40E3-901E-54705B749FD0}.Debug|x86.Build.0 = Debug|Win32
		{367BD381-9792-40E3-901E-54705B749FD0}.Release|x64.ActiveCfg = Release|x64
		{367BD381-9792-40E3-901E-54705B749FD0}.Release|x64.Build.0 = Release|x64
		{367BD381-9792-40E3-901E-54705B749FD0}.Release|x86.ActiveCfg = Release|Win32
		{367BD381-9792-40E3-901E-54705B749FD0}.Release|x86.Build.0 = Release|Win32
	EndGlobalSection
	GlobalSection(SolutionProperties) = preSolution
		HideSolutionNode = FALSE
	EndGlobalSection
	GlobalSection(ExtensibilityGlobals) = postSolution
		SolutionGuid = {CB8B08B9-48AC-415D-BBEA-BA07A6204578}
	EndGlobalSection
EndGlobal
